
Microsoft Visual Studio Solution File, Format Version 12.00
# Visual Studio 15
VisualStudioVersion = 15.0.28307.1758
MinimumVisualStudioVersion = 10.0.40219.1
Project("{FAE04EC0-301F-11D3-BF4B-00C04F79EFBC}") = "SQLMARKET_V2", "SQLMARKET_V2\SQLMARKET_V2.csproj", "{B4CC2E87-FC76-4911-9219-873F616C075E}"
EndProject
Global
	GlobalSection(SolutionConfigurationPlatforms) = preSolution
		Debug|Any CPU = Debug|Any CPU
		Release|Any CPU = Release|Any CPU
	EndGlobalSection
	GlobalSection(ProjectConfigurationPlatforms) = postSolution
		{B4CC2E87-FC76-4911-9219-873F616C075E}.Debug|Any CPU.ActiveCfg = Debug|Any CPU
		{B4CC2E87-FC76-4911-9219-873F616C075E}.Debug|Any CPU.Build.0 = Debug|Any CPU
		{B4CC2E87-FC76-4911-9219-873F616C075E}.Release|Any CPU.ActiveCfg = Release|Any CPU
		{B4CC2E87-FC76-4911-9219-873F616C075E}.Release|Any CPU.Build.0 = Release|Any CPU
	EndGlobalSection
	GlobalSection(SolutionProperties) = preSolution
		HideSolutionNode = FALSE
	EndGlobalSection
	GlobalSection(ExtensibilityGlobals) = postSolution
		SolutionGuid = {7C2269B4-1C92-4070-B931-ABEA62B089B8}
	EndGlobalSection
EndGlobal
